
Microsoft Visual Studio Solution File, Format Version 12.00
# Visual Studio Version 17
VisualStudioVersion = 17.14.36915.13 d17.14
MinimumVisualStudioVersion = 10.0.40219.1
Project("{FAE04EC0-301F-11D3-BF4B-00C04F79EFBC}") = "InnoClinic.Shared", "InnoClinic.Shared\InnoClinic.Shared.csproj", "{5C1FEC61-16C2-4E1E-8944-0FFB626D81D0}"
EndProject
Global
	GlobalSection(SolutionConfigurationPlatforms) = preSolution
		Debug|Any CPU = Debug|Any CPU
		Release|Any CPU = Release|Any CPU
	EndGlobalSection
	GlobalSection(ProjectConfigurationPlatforms) = postSolution
		{5C1FEC61-16C2-4E1E-8944-0FFB626D81D0}.Debug|Any CPU.ActiveCfg = Debug|Any CPU
		{5C1FEC61-16C2-4E1E-8944-0FFB626D81D0}.Debug|Any CPU.Build.0 = Debug|Any CPU
		{5C1FEC61-16C2-4E1E-8944-0FFB626D81D0}.Release|Any CPU.ActiveCfg = Release|Any CPU
		{5C1FEC61-16C2-4E1E-8944-0FFB626D81D0}.Release|Any CPU.Build.0 = Release|Any CPU
	EndGlobalSection
	GlobalSection(SolutionProperties) = preSolution
		HideSolutionNode = FALSE
	EndGlobalSection
	GlobalSection(ExtensibilityGlobals) = postSolution
		SolutionGuid = {59EDBF3E-4969-44EE-8BBB-D644C0E38025}
	EndGlobalSection
EndGlobal
